<?xml version="1.0" encoding="utf-8"?>
<Project ToolsVersion="4.0" xmlns="http://schemas.microsoft.com/developer/msbuild/2003">
  <ItemGroup>
    <Filter Include="소스 파일">
      <UniqueIdentifier>{4FC737F1-C7A5-4376-A066-2A32D752A2FF}</UniqueIdentifier>
      <Extensions>cpp;c;cc;cxx;c++;cppm;ixx;def;odl;idl;hpj;bat;asm;asmx</Extensions>
    </Filter>
    <Filter Include="헤더 파일">
      <UniqueIdentifier>{93995380-89BD-4b04-88EB-625FBE52EBFB}</UniqueIdentifier>
      <Extensions>h;hh;hpp;hxx;h++;hm;inl;inc;ipp;xsd</Extensions>
    </Filter>
    <Filter Include="리소스 파일">
      <UniqueIdentifier>{67DA6AB6-F800-4c08-8B7A-83BB121AAD01}</UniqueIdentifier>
      <Extensions>rc;ico;cur;bmp;dlg;rc2;rct;bin;rgs;gif;jpg;jpeg;jpe;resx;tiff;tif;png;wav;mfcribbon-ms</Extensions>
    </Filter>
    <Filter Include="00. Game">
      <UniqueIdentifier>{1649d978-cda8-4a18-94e5-6f80517ae021}</UniqueIdentifier>
    </Filter>
    <Filter Include="99. BMPManager">
      <UniqueIdentifier>{679c1760-a90b-4cd1-bb6e-cad86a266b77}</UniqueIdentifier>
    </Filter>
    <Filter Include="01. GameObject">
      <UniqueIdentifier>{2ee1d6ff-04f8-46e2-b31c-18450e17167b}</UniqueIdentifier>
    </Filter>
    <Filter Include="02. Collision">
      <UniqueIdentifier>{6e953dea-2787-4fef-b54a-c640cc2a56cb}</UniqueIdentifier>
    </Filter>
    <Filter Include="97. ObjectManager">
      <UniqueIdentifier>{ff7942a8-4f6d-4b0c-bc15-7a54ce275a69}</UniqueIdentifier>
    </Filter>
    <Filter Include="96. CollisionManager">
      <UniqueIdentifier>{0fd84c58-6c2a-4dae-80d5-c472f83fac2b}</UniqueIdentifier>
    </Filter>
    <Filter Include="95. KeyManager">
      <UniqueIdentifier>{2a490fee-f2a8-49ec-b6dd-ab8857e1d9c0}</UniqueIdentifier>
    </Filter>
    <Filter Include="소스 파일\Vector2">
      <UniqueIdentifier>{8ba33937-1178-4404-909c-289836903891}</UniqueIdentifier>
    </Filter>
    <Filter Include="01. GameObject\00. Eri">
      <UniqueIdentifier>{55737aca-fbea-4a74-bf73-790d069983b6}</UniqueIdentifier>
    </Filter>
    <Filter Include="94. TimeManager">
      <UniqueIdentifier>{9120434f-46dc-44f2-855d-3dab9ddaf560}</UniqueIdentifier>
    </Filter>
    <Filter Include="98. SceneManager">
      <UniqueIdentifier>{f0502e52-3ecd-4ebe-bd68-c42d16e7ed01}</UniqueIdentifier>
    </Filter>
    <Filter Include="소스 파일\SingleTon">
      <UniqueIdentifier>{e9b8fa39-d074-4f93-86f2-3d793858002d}</UniqueIdentifier>
    </Filter>
  </ItemGroup>
  <ItemGroup>
    <ClInclude Include="framework.h">
      <Filter>헤더 파일</Filter>
    </ClInclude>
    <ClInclude Include="targetver.h">
      <Filter>헤더 파일</Filter>
    </ClInclude>
    <ClInclude Include="Resource.h">
      <Filter>헤더 파일</Filter>
    </ClInclude>
    <ClInclude Include="MetalSlug3.h">
      <Filter>헤더 파일</Filter>
    </ClInclude>
    <ClInclude Include="pch.h">
      <Filter>헤더 파일</Filter>
    </ClInclude>
    <ClInclude Include="Define.h">
      <Filter>헤더 파일</Filter>
    </ClInclude>
    <ClInclude Include="CGame.h">
      <Filter>00. Game</Filter>
    </ClInclude>
    <ClInclude Include="CBmpManager.h">
      <Filter>99. BMPManager</Filter>
    </ClInclude>
    <ClInclude Include="CGameObject.h">
      <Filter>01. GameObject</Filter>
    </ClInclude>
    <ClInclude Include="CCollision.h">
      <Filter>02. Collision</Filter>
    </ClInclude>
    <ClInclude Include="CKeyManager.h">
      <Filter>95. KeyManager</Filter>
    </ClInclude>
    <ClInclude Include="Vector2.h">
      <Filter>소스 파일\Vector2</Filter>
    </ClInclude>
    <ClInclude Include="CBmpObject.h">
      <Filter>99. BMPManager</Filter>
    </ClInclude>
    <ClInclude Include="CObjectManager.h">
      <Filter>97. ObjectManager</Filter>
    </ClInclude>
    <ClInclude Include="CTimeManager.h">
      <Filter>94. TimeManager</Filter>
    </ClInclude>
    <ClInclude Include="CEri.h">
      <Filter>01. GameObject\00. Eri</Filter>
    </ClInclude>
    <ClInclude Include="CSingleTon.h">
      <Filter>소스 파일\SingleTon</Filter>
    </ClInclude>
  </ItemGroup>
  <ItemGroup>
    <ClCompile Include="MetalSlug3.cpp">
      <Filter>소스 파일</Filter>
    </ClCompile>
    <ClCompile Include="pch.cpp">
      <Filter>소스 파일</Filter>
    </ClCompile>
    <ClCompile Include="CGame.cpp">
      <Filter>00. Game</Filter>
    </ClCompile>
    <ClCompile Include="CBmpManager.cpp">
      <Filter>99. BMPManager</Filter>
    </ClCompile>
    <ClCompile Include="CGameObject.cpp">
      <Filter>01. GameObject</Filter>
    </ClCompile>
    <ClCompile Include="CCollision.cpp">
      <Filter>02. Collision</Filter>
    </ClCompile>
    <ClCompile Include="CKeyManager.cpp">
      <Filter>95. KeyManager</Filter>
    </ClCompile>
    <ClCompile Include="Vector2.cpp">
      <Filter>소스 파일\Vector2</Filter>
    </ClCompile>
    <ClCompile Include="CBmpObject.cpp">
      <Filter>99. BMPManager</Filter>
    </ClCompile>
    <ClCompile Include="CObjectManager.cpp">
      <Filter>97. ObjectManager</Filter>
    </ClCompile>
    <ClCompile Include="CTimeManager.cpp">
      <Filter>94. TimeManager</Filter>
    </ClCompile>
    <ClCompile Include="CEri.cpp">
      <Filter>01. GameObject\00. Eri</Filter>
    </ClCompile>
  </ItemGroup>
  <ItemGroup>
    <ResourceCompile Include="MetalSlug3.rc">
      <Filter>리소스 파일</Filter>
    </ResourceCompile>
  </ItemGroup>
  <ItemGroup>
    <Image Include="small.ico">
      <Filter>리소스 파일</Filter>
    </Image>
    <Image Include="MetalSlug3.ico">
      <Filter>리소스 파일</Filter>
    </Image>
  </ItemGroup>
</Project>